
Microsoft Visual Studio Solution File, Format Version 12.00
# Visual Studio 14
VisualStudioVersion = 14.0.24720.0
MinimumVisualStudioVersion = 10.0.40219.1
Project("{2150E333-8FDC-42A3-9474-1A3956D46DE8}") = "test", "test", "{300E0329-90EB-4F9F-9B73-5491F0169429}"
EndProject
Project("{2150E333-8FDC-42A3-9474-1A3956D46DE8}") = "Solution Items", "Solution Items", "{BF8D1B4A-BD03-49D1-BB34-0FA42DC3E118}"
	ProjectSection(SolutionItems) = preProject
		global.json = global.json
	EndProjectSection
EndProject
Project("{8BB2217D-0F2D-49D1-97BC-3654ED321F3B}") = "LearningCSharp.Test", "test\LearningCSharp.Test\LearningCSharp.Test.xproj", "{022C36DC-46E7-4158-9124-A3B63DBBCB90}"
EndProject
Global
	GlobalSection(SolutionConfigurationPlatforms) = preSolution
		Debug|Any CPU = Debug|Any CPU
		Release|Any CPU = Release|Any CPU
	EndGlobalSection
	GlobalSection(ProjectConfigurationPlatforms) = postSolution
		{022C36DC-46E7-4158-9124-A3B63DBBCB90}.Debug|Any CPU.ActiveCfg = Debug|Any CPU
		{022C36DC-46E7-4158-9124-A3B63DBBCB90}.Debug|Any CPU.Build.0 = Debug|Any CPU
		{022C36DC-46E7-4158-9124-A3B63DBBCB90}.Release|Any CPU.ActiveCfg = Release|Any CPU
		{022C36DC-46E7-4158-9124-A3B63DBBCB90}.Release|Any CPU.Build.0 = Release|Any CPU
	EndGlobalSection
	GlobalSection(SolutionProperties) = preSolution
		HideSolutionNode = FALSE
	EndGlobalSection
	GlobalSection(NestedProjects) = preSolution
		{022C36DC-46E7-4158-9124-A3B63DBBCB90} = {300E0329-90EB-4F9F-9B73-5491F0169429}
	EndGlobalSection
EndGlobal
